{
  "name": "temporalis",
  "version": "2.0.0",
  "lockfileVersion": 1,
  "requires": true,
  "dependencies": {
    "@ionic/core": {
      "version": "4.9.1",
      "resolved": "https://registry.npmjs.org/@ionic/core/-/core-4.9.1.tgz",
      "integrity": "sha512-m6wlO6/vP4xL3xd8ZGl9lNbmiiMs6I7d33Y13pS65f5EOUC7Fc0+qEEEWtQZc4EGQdB/pmIHlgd8o7MZvV/SXA==",
      "requires": {
        "ionicons": "^4.6.3",
        "tslib": "^1.10.0"
      }
    },
    "@stencil/core": {
      "version": "1.7.5",
      "resolved": "https://registry.npmjs.org/@stencil/core/-/core-1.7.5.tgz",
      "integrity": "sha512-VlXKeN/FAqwaZ5yVWOZB+3biwL6TBZHEN8iWJIHnM7AskKCBDSSHXktPjBOCAuO2/kB82je712GrIpqRnMJGHA==",
      "requires": {
        "typescript": "3.6.3"
      }
    },
    "@stencil/sass": {
      "version": "1.1.1",
      "resolved": "https://registry.npmjs.org/@stencil/sass/-/sass-1.1.1.tgz",
      "integrity": "sha512-Nny3JiFkpQa0RdXWCa4pzhKQYnHuDNzC9c4w35FcaZHXBVuZ1UHSHc7wI7By9SS1auYcySqpPOBVzgoCqXcYVQ=="
    },
    "ionicons": {
      "version": "4.6.3",
      "resolved": "https://registry.npmjs.org/ionicons/-/ionicons-4.6.3.tgz",
      "integrity": "sha512-cgP+VIr2cTJpMfFyVHTerq6n2jeoiGboVoe3GlaAo5zoSBDAEXORwUZhv6m+lCyxlsHCS3nqPUE+MKyZU71t8Q=="
    },
    "rtcpeerconnection-shim": {
      "version": "1.2.15",
      "resolved": "https://registry.npmjs.org/rtcpeerconnection-shim/-/rtcpeerconnection-shim-1.2.15.tgz",
      "integrity": "sha512-C6DxhXt7bssQ1nHb154lqeL0SXz5Dx4RczXZu2Aa/L1NJFnEVDxFwCBo3fqtuljhHIGceg5JKBV4XJ0gW5JKyw==",
      "requires": {
        "sdp": "^2.6.0"
      }
    },
    "sdp": {
      "version": "2.10.0",
      "resolved": "https://registry.npmjs.org/sdp/-/sdp-2.10.0.tgz",
      "integrity": "sha512-H+VjfyQpRz9GezhshJmkXTtCAT9/2g9az3GFDPYfGOz0eAOQU1fCrL3S9Dq/eUT9FtOyLi/czdR9PzK3fKUYOQ=="
    },
    "tslib": {
      "version": "1.10.0",
      "resolved": "https://registry.npmjs.org/tslib/-/tslib-1.10.0.tgz",
      "integrity": "sha512-qOebF53frne81cf0S9B41ByenJ3/IuH8yJKngAX35CmiZySA0khhkovshKK+jGCaMnVomla7gVlIcc3EvKPbTQ=="
    },
    "typescript": {
      "version": "3.6.3",
      "resolved": "https://registry.npmjs.org/typescript/-/typescript-3.6.3.tgz",
      "integrity": "sha512-N7bceJL1CtRQ2RiG0AQME13ksR7DiuQh/QehubYcghzv20tnh+MQnQIuJddTmsbqYj+dztchykemz0zFzlvdQw=="
    },
    "webrtc-adapter": {
      "version": "7.3.0",
      "resolved": "https://registry.npmjs.org/webrtc-adapter/-/webrtc-adapter-7.3.0.tgz",
      "integrity": "sha512-pKcwt6IR6RLCD6jlcdOOi88iVwdzppHlkOhtgTSuZHtYTxdD09t5fA1Di7GJU7je8oHcCBlNfb7zwBsetERnmQ==",
      "requires": {
        "rtcpeerconnection-shim": "^1.2.15",
        "sdp": "^2.10.0"
      }
    }
  }
}
